
Microsoft Visual Studio Solution File, Format Version 12.00
# Visual Studio Version 17
VisualStudioVersion = 17.2.32630.192
MinimumVisualStudioVersion = 10.0.40219.1
Project("{FAE04EC0-301F-11D3-BF4B-00C04F79EFBC}") = "UserManager", "UserManager\UserManager.csproj", "{1BC22361-4F9B-4411-BD3A-93695EA234F6}"
EndProject
Global
	GlobalSection(SolutionConfigurationPlatforms) = preSolution
		Debug|Any CPU = Debug|Any CPU
		Release|Any CPU = Release|Any CPU
	EndGlobalSection
	GlobalSection(ProjectConfigurationPlatforms) = postSolution
		{1BC22361-4F9B-4411-BD3A-93695EA234F6}.Debug|Any CPU.ActiveCfg = Debug|Any CPU
		{1BC22361-4F9B-4411-BD3A-93695EA234F6}.Debug|Any CPU.Build.0 = Debug|Any CPU
		{1BC22361-4F9B-4411-BD3A-93695EA234F6}.Release|Any CPU.ActiveCfg = Release|Any CPU
		{1BC22361-4F9B-4411-BD3A-93695EA234F6}.Release|Any CPU.Build.0 = Release|Any CPU
	EndGlobalSection
	GlobalSection(SolutionProperties) = preSolution
		HideSolutionNode = FALSE
	EndGlobalSection
	GlobalSection(ExtensibilityGlobals) = postSolution
		SolutionGuid = {AC4D365E-E81E-4420-9B09-A51D0AB756A6}
	EndGlobalSection
EndGlobal
